
Microsoft Visual Studio Solution File, Format Version 12.00
# Visual Studio Version 16
VisualStudioVersion = 16.0.31613.86
MinimumVisualStudioVersion = 10.0.40219.1
Project("{FAE04EC0-301F-11D3-BF4B-00C04F79EFBC}") = "SalesWebMVC", "SalesWebMVC\SalesWebMVC.csproj", "{36DBD677-88FB-4675-B2BE-5EE6540C76B0}"
EndProject
Global
	GlobalSection(SolutionConfigurationPlatforms) = preSolution
		Debug|Any CPU = Debug|Any CPU
		Release|Any CPU = Release|Any CPU
	EndGlobalSection
	GlobalSection(ProjectConfigurationPlatforms) = postSolution
		{36DBD677-88FB-4675-B2BE-5EE6540C76B0}.Debug|Any CPU.ActiveCfg = Debug|Any CPU
		{36DBD677-88FB-4675-B2BE-5EE6540C76B0}.Debug|Any CPU.Build.0 = Debug|Any CPU
		{36DBD677-88FB-4675-B2BE-5EE6540C76B0}.Release|Any CPU.ActiveCfg = Release|Any CPU
		{36DBD677-88FB-4675-B2BE-5EE6540C76B0}.Release|Any CPU.Build.0 = Release|Any CPU
	EndGlobalSection
	GlobalSection(SolutionProperties) = preSolution
		HideSolutionNode = FALSE
	EndGlobalSection
	GlobalSection(ExtensibilityGlobals) = postSolution
		SolutionGuid = {21E504A2-FAE6-417C-8266-666878305DCA}
	EndGlobalSection
EndGlobal
